// !$*UTF8*$!
{
	archiveVersion = 1;
	classes = {
	};
	objectVersion = 50;
	objects = {

/* Begin PBXBuildFile section */
		2404B4B322F36525000ABF57 /* AppDelegate.swift in Sources */ = {isa = PBXBuildFile; fileRef = 2404B4B222F36525000ABF57 /* AppDelegate.swift */; };
		2404B4B522F36525000ABF57 /* HomeController.swift in Sources */ = {isa = PBXBuildFile; fileRef = 2404B4B422F36525000ABF57 /* HomeController.swift */; };
		2404B4BA22F36526000ABF57 /* Assets.xcassets in Resources */ = {isa = PBXBuildFile; fileRef = 2404B4B922F36526000ABF57 /* Assets.xcassets */; };
		2404B4BD22F36526000ABF57 /* LaunchScreen.storyboard in Resources */ = {isa = PBXBuildFile; fileRef = 2404B4BB22F36526000ABF57 /* LaunchScreen.storyboard */; };
		2404B4C522F36589000ABF57 /* MessageModel.swift in Sources */ = {isa = PBXBuildFile; fileRef = 2404B4C422F36589000ABF57 /* MessageModel.swift */; };
		2404B4C722F36A7C000ABF57 /* NetworkError.swift in Sources */ = {isa = PBXBuildFile; fileRef = 2404B4C622F36A7C000ABF57 /* NetworkError.swift */; };
		2421B73322F5E75A00CF2A5F /* PersistenceService.swift in Sources */ = {isa = PBXBuildFile; fileRef = 2421B73222F5E75A00CF2A5F /* PersistenceService.swift */; };
		244944EA23473764009C65E7 /* HeaderLabel.swift in Sources */ = {isa = PBXBuildFile; fileRef = 244944E923473764009C65E7 /* HeaderLabel.swift */; };
		2465FF4422F43BD300944C34 /* Networking.swift in Sources */ = {isa = PBXBuildFile; fileRef = 2465FF4322F43BD300944C34 /* Networking.swift */; };
		2465FF4722F43C9900944C34 /* UITableViewDataSourceMethods.swift in Sources */ = {isa = PBXBuildFile; fileRef = 2465FF4622F43C9900944C34 /* UITableViewDataSourceMethods.swift */; };
		2465FF4F22F484CB00944C34 /* StringExt.swift in Sources */ = {isa = PBXBuildFile; fileRef = 2465FF4E22F484CB00944C34 /* StringExt.swift */; };
		24CECB9122F8856B00831255 /* NewTableTests.swift in Sources */ = {isa = PBXBuildFile; fileRef = 24CECB8622F884F300831255 /* NewTableTests.swift */; };
		24DDA403231A8E8900E57293 /* CustomCell.swift in Sources */ = {isa = PBXBuildFile; fileRef = 24DDA402231A8E8900E57293 /* CustomCell.swift */; };
		24DDA409231A94ED00E57293 /* AutoLayoutAnchorExtension.swift in Sources */ = {isa = PBXBuildFile; fileRef = 24DDA408231A94ED00E57293 /* AutoLayoutAnchorExtension.swift */; };
		24EA63932343485500DA3917 /* Constants.swift in Sources */ = {isa = PBXBuildFile; fileRef = 24EA63922343485500DA3917 /* Constants.swift */; };
		24EA63962343492900DA3917 /* JSONDecoder&CodingKeys.swift in Sources */ = {isa = PBXBuildFile; fileRef = 24EA63952343492900DA3917 /* JSONDecoder&CodingKeys.swift */; };
		24EA63A9234355B600DA3917 /* NewTable.xcdatamodeld in Sources */ = {isa = PBXBuildFile; fileRef = 24EA63A7234355B600DA3917 /* NewTable.xcdatamodeld */; };
		24EA63B2234355D100DA3917 /* Geo+CoreDataClass.swift in Sources */ = {isa = PBXBuildFile; fileRef = 24EA63AA234355D100DA3917 /* Geo+CoreDataClass.swift */; };
		24EA63B3234355D100DA3917 /* Geo+CoreDataProperties.swift in Sources */ = {isa = PBXBuildFile; fileRef = 24EA63AB234355D100DA3917 /* Geo+CoreDataProperties.swift */; };
		24EA63B4234355D100DA3917 /* Company+CoreDataClass.swift in Sources */ = {isa = PBXBuildFile; fileRef = 24EA63AC234355D100DA3917 /* Company+CoreDataClass.swift */; };
		24EA63B5234355D100DA3917 /* Company+CoreDataProperties.swift in Sources */ = {isa = PBXBuildFile; fileRef = 24EA63AD234355D100DA3917 /* Company+CoreDataProperties.swift */; };
		24EA63B6234355D100DA3917 /* Address+CoreDataClass.swift in Sources */ = {isa = PBXBuildFile; fileRef = 24EA63AE234355D100DA3917 /* Address+CoreDataClass.swift */; };
		24EA63B7234355D100DA3917 /* Address+CoreDataProperties.swift in Sources */ = {isa = PBXBuildFile; fileRef = 24EA63AF234355D100DA3917 /* Address+CoreDataProperties.swift */; };
		24EA63B8234355D100DA3917 /* User+CoreDataClass.swift in Sources */ = {isa = PBXBuildFile; fileRef = 24EA63B0234355D100DA3917 /* User+CoreDataClass.swift */; };
		24EA63B9234355D100DA3917 /* User+CoreDataProperties.swift in Sources */ = {isa = PBXBuildFile; fileRef = 24EA63B1234355D100DA3917 /* User+CoreDataProperties.swift */; };
		24EA63BC23435FBB00DA3917 /* CustomColor.swift in Sources */ = {isa = PBXBuildFile; fileRef = 24EA63BB23435FBB00DA3917 /* CustomColor.swift */; };
		24EA63BE23435FC000DA3917 /* SetRadiusExt.swift in Sources */ = {isa = PBXBuildFile; fileRef = 24EA63BD23435FC000DA3917 /* SetRadiusExt.swift */; };
		24EA63C0234361B300DA3917 /* ImageService.swift in Sources */ = {isa = PBXBuildFile; fileRef = 24EA63BF234361B300DA3917 /* ImageService.swift */; };
		24F3CD4A2343AA0600C71363 /* SearchBarExt.swift in Sources */ = {isa = PBXBuildFile; fileRef = 24F3CD492343AA0600C71363 /* SearchBarExt.swift */; };
		24F3CD4C2343AA8800C71363 /* MainTabBarController.swift in Sources */ = {isa = PBXBuildFile; fileRef = 24F3CD4B2343AA8800C71363 /* MainTabBarController.swift */; };
		24F3CD4E2343AB2A00C71363 /* MapController.swift in Sources */ = {isa = PBXBuildFile; fileRef = 24F3CD4D2343AB2A00C71363 /* MapController.swift */; };
		24F3CD502343ABA900C71363 /* JSONGeoModelData.swift in Sources */ = {isa = PBXBuildFile; fileRef = 24F3CD4F2343ABA900C71363 /* JSONGeoModelData.swift */; };
		24F3CD522343ACEA00C71363 /* UITableViewDelegateMethods.swift in Sources */ = {isa = PBXBuildFile; fileRef = 24F3CD512343ACEA00C71363 /* UITableViewDelegateMethods.swift */; };
		24F3CD542343ACF900C71363 /* DetailVC.swift in Sources */ = {isa = PBXBuildFile; fileRef = 24F3CD532343ACF900C71363 /* DetailVC.swift */; };
		24F3CD562343AD2800C71363 /* MapControllerExt.swift in Sources */ = {isa = PBXBuildFile; fileRef = 24F3CD552343AD2800C71363 /* MapControllerExt.swift */; };
/* End PBXBuildFile section */

/* Begin PBXContainerItemProxy section */
		24CECB8922F884F300831255 /* PBXContainerItemProxy */ = {
			isa = PBXContainerItemProxy;
			containerPortal = 2404B4A722F36525000ABF57 /* Project object */;
			proxyType = 1;
			remoteGlobalIDString = 2404B4AE22F36525000ABF57;
			remoteInfo = NewTable;
		};
/* End PBXContainerItemProxy section */

/* Begin PBXFileReference section */
		2404B4AF22F36525000ABF57 /* NewTable.app */ = {isa = PBXFileReference; explicitFileType = wrapper.application; includeInIndex = 0; path = NewTable.app; sourceTree = BUILT_PRODUCTS_DIR; };
		2404B4B222F36525000ABF57 /* AppDelegate.swift */ = {isa = PBXFileReference; lastKnownFileType = sourcecode.swift; path = AppDelegate.swift; sourceTree = "<group>"; };
		2404B4B422F36525000ABF57 /* HomeController.swift */ = {isa = PBXFileReference; lastKnownFileType = sourcecode.swift; path = HomeController.swift; sourceTree = "<group>"; };
		2404B4B922F36526000ABF57 /* Assets.xcassets */ = {isa = PBXFileReference; lastKnownFileType = folder.assetcatalog; path = Assets.xcassets; sourceTree = "<group>"; };
		2404B4BC22F36526000ABF57 /* Base */ = {isa = PBXFileReference; lastKnownFileType = file.storyboard; name = Base; path = Base.lproj/LaunchScreen.storyboard; sourceTree = "<group>"; };
		2404B4BE22F36526000ABF57 /* Info.plist */ = {isa = PBXFileReference; lastKnownFileType = text.plist.xml; path = Info.plist; sourceTree = "<group>"; };
		2404B4C422F36589000ABF57 /* MessageModel.swift */ = {isa = PBXFileReference; lastKnownFileType = sourcecode.swift; path = MessageModel.swift; sourceTree = "<group>"; };
		2404B4C622F36A7C000ABF57 /* NetworkError.swift */ = {isa = PBXFileReference; lastKnownFileType = sourcecode.swift; path = NetworkError.swift; sourceTree = "<group>"; };
		2421B73222F5E75A00CF2A5F /* PersistenceService.swift */ = {isa = PBXFileReference; lastKnownFileType = sourcecode.swift; path = PersistenceService.swift; sourceTree = "<group>"; };
		244944E923473764009C65E7 /* HeaderLabel.swift */ = {isa = PBXFileReference; fileEncoding = 4; lastKnownFileType = sourcecode.swift; path = HeaderLabel.swift; sourceTree = "<group>"; };
		2465FF4322F43BD300944C34 /* Networking.swift */ = {isa = PBXFileReference; lastKnownFileType = sourcecode.swift; path = Networking.swift; sourceTree = "<group>"; };
		2465FF4622F43C9900944C34 /* UITableViewDataSourceMethods.swift */ = {isa = PBXFileReference; lastKnownFileType = sourcecode.swift; path = UITableViewDataSourceMethods.swift; sourceTree = "<group>"; };
		2465FF4E22F484CB00944C34 /* StringExt.swift */ = {isa = PBXFileReference; lastKnownFileType = sourcecode.swift; path = StringExt.swift; sourceTree = "<group>"; };
		24CECB8422F884F300831255 /* NewTableTests.xctest */ = {isa = PBXFileReference; explicitFileType = wrapper.cfbundle; includeInIndex = 0; path = NewTableTests.xctest; sourceTree = BUILT_PRODUCTS_DIR; };
		24CECB8622F884F300831255 /* NewTableTests.swift */ = {isa = PBXFileReference; lastKnownFileType = sourcecode.swift; path = NewTableTests.swift; sourceTree = "<group>"; };
		24CECB8822F884F300831255 /* Info.plist */ = {isa = PBXFileReference; lastKnownFileType = text.plist.xml; path = Info.plist; sourceTree = "<group>"; };
		24DDA402231A8E8900E57293 /* CustomCell.swift */ = {isa = PBXFileReference; lastKnownFileType = sourcecode.swift; path = CustomCell.swift; sourceTree = "<group>"; };
		24DDA408231A94ED00E57293 /* AutoLayoutAnchorExtension.swift */ = {isa = PBXFileReference; lastKnownFileType = sourcecode.swift; path = AutoLayoutAnchorExtension.swift; sourceTree = "<group>"; };
		24EA63922343485500DA3917 /* Constants.swift */ = {isa = PBXFileReference; lastKnownFileType = sourcecode.swift; path = Constants.swift; sourceTree = "<group>"; };
		24EA63952343492900DA3917 /* JSONDecoder&CodingKeys.swift */ = {isa = PBXFileReference; fileEncoding = 4; lastKnownFileType = sourcecode.swift; path = "JSONDecoder&CodingKeys.swift"; sourceTree = "<group>"; };
		24EA63A8234355B600DA3917 /* CoreDataModel.xcdatamodel */ = {isa = PBXFileReference; lastKnownFileType = wrapper.xcdatamodel; path = CoreDataModel.xcdatamodel; sourceTree = "<group>"; };
		24EA63AA234355D100DA3917 /* Geo+CoreDataClass.swift */ = {isa = PBXFileReference; lastKnownFileType = sourcecode.swift; path = "Geo+CoreDataClass.swift"; sourceTree = "<group>"; };
		24EA63AB234355D100DA3917 /* Geo+CoreDataProperties.swift */ = {isa = PBXFileReference; lastKnownFileType = sourcecode.swift; path = "Geo+CoreDataProperties.swift"; sourceTree = "<group>"; };
		24EA63AC234355D100DA3917 /* Company+CoreDataClass.swift */ = {isa = PBXFileReference; lastKnownFileType = sourcecode.swift; path = "Company+CoreDataClass.swift"; sourceTree = "<group>"; };
		24EA63AD234355D100DA3917 /* Company+CoreDataProperties.swift */ = {isa = PBXFileReference; lastKnownFileType = sourcecode.swift; path = "Company+CoreDataProperties.swift"; sourceTree = "<group>"; };
		24EA63AE234355D100DA3917 /* Address+CoreDataClass.swift */ = {isa = PBXFileReference; lastKnownFileType = sourcecode.swift; path = "Address+CoreDataClass.swift"; sourceTree = "<group>"; };
		24EA63AF234355D100DA3917 /* Address+CoreDataProperties.swift */ = {isa = PBXFileReference; lastKnownFileType = sourcecode.swift; path = "Address+CoreDataProperties.swift"; sourceTree = "<group>"; };
		24EA63B0234355D100DA3917 /* User+CoreDataClass.swift */ = {isa = PBXFileReference; lastKnownFileType = sourcecode.swift; path = "User+CoreDataClass.swift"; sourceTree = "<group>"; };
		24EA63B1234355D100DA3917 /* User+CoreDataProperties.swift */ = {isa = PBXFileReference; lastKnownFileType = sourcecode.swift; path = "User+CoreDataProperties.swift"; sourceTree = "<group>"; };
		24EA63BB23435FBB00DA3917 /* CustomColor.swift */ = {isa = PBXFileReference; fileEncoding = 4; lastKnownFileType = sourcecode.swift; path = CustomColor.swift; sourceTree = "<group>"; };
		24EA63BD23435FC000DA3917 /* SetRadiusExt.swift */ = {isa = PBXFileReference; fileEncoding = 4; lastKnownFileType = sourcecode.swift; path = SetRadiusExt.swift; sourceTree = "<group>"; };
		24EA63BF234361B300DA3917 /* ImageService.swift */ = {isa = PBXFileReference; lastKnownFileType = sourcecode.swift; path = ImageService.swift; sourceTree = "<group>"; };
		24F3CD492343AA0600C71363 /* SearchBarExt.swift */ = {isa = PBXFileReference; fileEncoding = 4; lastKnownFileType = sourcecode.swift; path = SearchBarExt.swift; sourceTree = "<group>"; };
		24F3CD4B2343AA8800C71363 /* MainTabBarController.swift */ = {isa = PBXFileReference; fileEncoding = 4; lastKnownFileType = sourcecode.swift; path = MainTabBarController.swift; sourceTree = "<group>"; };
		24F3CD4D2343AB2A00C71363 /* MapController.swift */ = {isa = PBXFileReference; fileEncoding = 4; lastKnownFileType = sourcecode.swift; path = MapController.swift; sourceTree = "<group>"; };
		24F3CD4F2343ABA900C71363 /* JSONGeoModelData.swift */ = {isa = PBXFileReference; fileEncoding = 4; lastKnownFileType = sourcecode.swift; path = JSONGeoModelData.swift; sourceTree = "<group>"; };
		24F3CD512343ACEA00C71363 /* UITableViewDelegateMethods.swift */ = {isa = PBXFileReference; fileEncoding = 4; lastKnownFileType = sourcecode.swift; path = UITableViewDelegateMethods.swift; sourceTree = "<group>"; };
		24F3CD532343ACF900C71363 /* DetailVC.swift */ = {isa = PBXFileReference; fileEncoding = 4; lastKnownFileType = sourcecode.swift; path = DetailVC.swift; sourceTree = "<group>"; };
		24F3CD552343AD2800C71363 /* MapControllerExt.swift */ = {isa = PBXFileReference; fileEncoding = 4; lastKnownFileType = sourcecode.swift; path = MapControllerExt.swift; sourceTree = "<group>"; };
/* End PBXFileReference section */

/* Begin PBXFrameworksBuildPhase section */
		2404B4AC22F36525000ABF57 /* Frameworks */ = {
			isa = PBXFrameworksBuildPhase;
			buildActionMask = 2147483647;
			files = (
			);
			runOnlyForDeploymentPostprocessing = 0;
		};
		24CECB8122F884F300831255 /* Frameworks */ = {
			isa = PBXFrameworksBuildPhase;
			buildActionMask = 2147483647;
			files = (
			);
			runOnlyForDeploymentPostprocessing = 0;
		};
/* End PBXFrameworksBuildPhase section */

/* Begin PBXGroup section */
		2400A47F22F6F1510035B8CC /* CoreData */ = {
			isa = PBXGroup;
			children = (
				24EA6394234348EF00DA3917 /* CoreDataClasses */,
			);
			path = CoreData;
			sourceTree = "<group>";
		};
		2404B4A622F36525000ABF57 = {
			isa = PBXGroup;
			children = (
				2404B4B122F36525000ABF57 /* NewTable */,
				24CECB8522F884F300831255 /* NewTableTests */,
				2404B4B022F36525000ABF57 /* Products */,
			);
			sourceTree = "<group>";
		};
		2404B4B022F36525000ABF57 /* Products */ = {
			isa = PBXGroup;
			children = (
				2404B4AF22F36525000ABF57 /* NewTable.app */,
				24CECB8422F884F300831255 /* NewTableTests.xctest */,
			);
			name = Products;
			sourceTree = "<group>";
		};
		2404B4B122F36525000ABF57 /* NewTable */ = {
			isa = PBXGroup;
			children = (
				24DDA401231A8E7200E57293 /* View */,
				2465FF4822F43E2000944C34 /* Enum */,
				2465FF4522F43BDB00944C34 /* Extension */,
				2465FF4922F43E2B00944C34 /* Model */,
				240BC97F22F4A5100090DF6C /* Controller */,
				241FCEC522F73EAD007E42C7 /* Helper */,
				241FCEC622F73EEF007E42C7 /* Interface Builder */,
				241FCEC722F73EFC007E42C7 /* Resources */,
				241FCEC822F73F0B007E42C7 /* Supporting Files */,
			);
			path = NewTable;
			sourceTree = "<group>";
		};
		240BC97F22F4A5100090DF6C /* Controller */ = {
			isa = PBXGroup;
			children = (
				2404B4B422F36525000ABF57 /* HomeController.swift */,
				2404B4B222F36525000ABF57 /* AppDelegate.swift */,
				24F3CD4D2343AB2A00C71363 /* MapController.swift */,
				24F3CD4B2343AA8800C71363 /* MainTabBarController.swift */,
				24F3CD532343ACF900C71363 /* DetailVC.swift */,
			);
			name = Controller;
			path = Extension;
			sourceTree = "<group>";
		};
		241FCEC522F73EAD007E42C7 /* Helper */ = {
			isa = PBXGroup;
			children = (
				2465FF4322F43BD300944C34 /* Networking.swift */,
				2421B73222F5E75A00CF2A5F /* PersistenceService.swift */,
				24EA63922343485500DA3917 /* Constants.swift */,
				24EA63BF234361B300DA3917 /* ImageService.swift */,
			);
			path = Helper;
			sourceTree = "<group>";
		};
		241FCEC622F73EEF007E42C7 /* Interface Builder */ = {
			isa = PBXGroup;
			children = (
				2404B4BB22F36526000ABF57 /* LaunchScreen.storyboard */,
			);
			path = "Interface Builder";
			sourceTree = "<group>";
		};
		241FCEC722F73EFC007E42C7 /* Resources */ = {
			isa = PBXGroup;
			children = (
				2404B4B922F36526000ABF57 /* Assets.xcassets */,
			);
			path = Resources;
			sourceTree = "<group>";
		};
		241FCEC822F73F0B007E42C7 /* Supporting Files */ = {
			isa = PBXGroup;
			children = (
				2404B4BE22F36526000ABF57 /* Info.plist */,
			);
			path = "Supporting Files";
			sourceTree = "<group>";
		};
		2465FF4522F43BDB00944C34 /* Extension */ = {
			isa = PBXGroup;
			children = (
				24EA63BA23435FA100DA3917 /* Services */,
				2465FF4622F43C9900944C34 /* UITableViewDataSourceMethods.swift */,
				24F3CD512343ACEA00C71363 /* UITableViewDelegateMethods.swift */,
				24F3CD492343AA0600C71363 /* SearchBarExt.swift */,
				2465FF4E22F484CB00944C34 /* StringExt.swift */,
				24DDA408231A94ED00E57293 /* AutoLayoutAnchorExtension.swift */,
				24EA63952343492900DA3917 /* JSONDecoder&CodingKeys.swift */,
				24F3CD552343AD2800C71363 /* MapControllerExt.swift */,
			);
			path = Extension;
			sourceTree = "<group>";
		};
		2465FF4822F43E2000944C34 /* Enum */ = {
			isa = PBXGroup;
			children = (
				2404B4C622F36A7C000ABF57 /* NetworkError.swift */,
			);
			path = Enum;
			sourceTree = "<group>";
		};
		2465FF4922F43E2B00944C34 /* Model */ = {
			isa = PBXGroup;
			children = (
				2400A47F22F6F1510035B8CC /* CoreData */,
				24EA63A7234355B600DA3917 /* NewTable.xcdatamodeld */,
				24F3CD4F2343ABA900C71363 /* JSONGeoModelData.swift */,
				2404B4C422F36589000ABF57 /* MessageModel.swift */,
			);
			path = Model;
			sourceTree = "<group>";
		};
		24CECB8522F884F300831255 /* NewTableTests */ = {
			isa = PBXGroup;
			children = (
				24CECB8622F884F300831255 /* NewTableTests.swift */,
				24CECB8822F884F300831255 /* Info.plist */,
			);
			path = NewTableTests;
			sourceTree = "<group>";
		};
		24DDA401231A8E7200E57293 /* View */ = {
			isa = PBXGroup;
			children = (
				24DDA402231A8E8900E57293 /* CustomCell.swift */,
				244944E923473764009C65E7 /* HeaderLabel.swift */,
			);
			path = View;
			sourceTree = "<group>";
		};
		24EA6394234348EF00DA3917 /* CoreDataClasses */ = {
			isa = PBXGroup;
			children = (
				24EA63AA234355D100DA3917 /* Geo+CoreDataClass.swift */,
				24EA63AB234355D100DA3917 /* Geo+CoreDataProperties.swift */,
				24EA63AC234355D100DA3917 /* Company+CoreDataClass.swift */,
				24EA63AD234355D100DA3917 /* Company+CoreDataProperties.swift */,
				24EA63AE234355D100DA3917 /* Address+CoreDataClass.swift */,
				24EA63AF234355D100DA3917 /* Address+CoreDataProperties.swift */,
				24EA63B0234355D100DA3917 /* User+CoreDataClass.swift */,
				24EA63B1234355D100DA3917 /* User+CoreDataProperties.swift */,
			);
			path = CoreDataClasses;
			sourceTree = "<group>";
		};
		24EA63BA23435FA100DA3917 /* Services */ = {
			isa = PBXGroup;
			children = (
				24EA63BD23435FC000DA3917 /* SetRadiusExt.swift */,
				24EA63BB23435FBB00DA3917 /* CustomColor.swift */,
			);
			path = Services;
			sourceTree = "<group>";
		};
/* End PBXGroup section */

/* Begin PBXNativeTarget section */
		2404B4AE22F36525000ABF57 /* NewTable */ = {
			isa = PBXNativeTarget;
			buildConfigurationList = 2404B4C122F36526000ABF57 /* Build configuration list for PBXNativeTarget "NewTable" */;
			buildPhases = (
				2404B4AB22F36525000ABF57 /* Sources */,
				2404B4AC22F36525000ABF57 /* Frameworks */,
				2404B4AD22F36525000ABF57 /* Resources */,
			);
			buildRules = (
			);
			dependencies = (
			);
			name = NewTable;
			productName = NewTable;
			productReference = 2404B4AF22F36525000ABF57 /* NewTable.app */;
			productType = "com.apple.product-type.application";
		};
		24CECB8322F884F300831255 /* NewTableTests */ = {
			isa = PBXNativeTarget;
			buildConfigurationList = 24CECB8D22F884F300831255 /* Build configuration list for PBXNativeTarget "NewTableTests" */;
			buildPhases = (
				24CECB8022F884F300831255 /* Sources */,
				24CECB8122F884F300831255 /* Frameworks */,
				24CECB8222F884F300831255 /* Resources */,
			);
			buildRules = (
			);
			dependencies = (
				24CECB8A22F884F300831255 /* PBXTargetDependency */,
			);
			name = NewTableTests;
			productName = NewTableTests;
			productReference = 24CECB8422F884F300831255 /* NewTableTests.xctest */;
			productType = "com.apple.product-type.bundle.unit-test";
		};
/* End PBXNativeTarget section */

/* Begin PBXProject section */
		2404B4A722F36525000ABF57 /* Project object */ = {
			isa = PBXProject;
			attributes = {
				LastSwiftUpdateCheck = 1030;
				LastUpgradeCheck = 1030;
				ORGANIZATIONNAME = "Ilija Mihajlovic";
				TargetAttributes = {
					2404B4AE22F36525000ABF57 = {
						CreatedOnToolsVersion = 10.3;
					};
					24CECB8322F884F300831255 = {
						CreatedOnToolsVersion = 10.3;
						TestTargetID = 2404B4AE22F36525000ABF57;
					};
				};
			};
			buildConfigurationList = 2404B4AA22F36525000ABF57 /* Build configuration list for PBXProject "NewTable" */;
			compatibilityVersion = "Xcode 9.3";
			developmentRegion = en;
			hasScannedForEncodings = 0;
			knownRegions = (
				en,
				Base,
			);
			mainGroup = 2404B4A622F36525000ABF57;
			productRefGroup = 2404B4B022F36525000ABF57 /* Products */;
			projectDirPath = "";
			projectRoot = "";
			targets = (
				2404B4AE22F36525000ABF57 /* NewTable */,
				24CECB8322F884F300831255 /* NewTableTests */,
			);
		};
/* End PBXProject section */

/* Begin PBXResourcesBuildPhase section */
		2404B4AD22F36525000ABF57 /* Resources */ = {
			isa = PBXResourcesBuildPhase;
			buildActionMask = 2147483647;
			files = (
				2404B4BD22F36526000ABF57 /* LaunchScreen.storyboard in Resources */,
				2404B4BA22F36526000ABF57 /* Assets.xcassets in Resources */,
			);
			runOnlyForDeploymentPostprocessing = 0;
		};
		24CECB8222F884F300831255 /* Resources */ = {
			isa = PBXResourcesBuildPhase;
			buildActionMask = 2147483647;
			files = (
			);
			runOnlyForDeploymentPostprocessing = 0;
		};
/* End PBXResourcesBuildPhase section */

/* Begin PBXSourcesBuildPhase section */
		2404B4AB22F36525000ABF57 /* Sources */ = {
			isa = PBXSourcesBuildPhase;
			buildActionMask = 2147483647;
			files = (
				2404B4C522F36589000ABF57 /* MessageModel.swift in Sources */,
				24F3CD502343ABA900C71363 /* JSONGeoModelData.swift in Sources */,
				24F3CD522343ACEA00C71363 /* UITableViewDelegateMethods.swift in Sources */,
				24EA63B4234355D100DA3917 /* Company+CoreDataClass.swift in Sources */,
				24EA63BC23435FBB00DA3917 /* CustomColor.swift in Sources */,
				24F3CD542343ACF900C71363 /* DetailVC.swift in Sources */,
				2404B4C722F36A7C000ABF57 /* NetworkError.swift in Sources */,
				2465FF4F22F484CB00944C34 /* StringExt.swift in Sources */,
				24EA63A9234355B600DA3917 /* NewTable.xcdatamodeld in Sources */,
				24EA63B7234355D100DA3917 /* Address+CoreDataProperties.swift in Sources */,
				24EA63B5234355D100DA3917 /* Company+CoreDataProperties.swift in Sources */,
				2404B4B522F36525000ABF57 /* HomeController.swift in Sources */,
				2465FF4422F43BD300944C34 /* Networking.swift in Sources */,
				2421B73322F5E75A00CF2A5F /* PersistenceService.swift in Sources */,
				24EA63B2234355D100DA3917 /* Geo+CoreDataClass.swift in Sources */,
				24EA63B6234355D100DA3917 /* Address+CoreDataClass.swift in Sources */,
				24EA63B3234355D100DA3917 /* Geo+CoreDataProperties.swift in Sources */,
				2404B4B322F36525000ABF57 /* AppDelegate.swift in Sources */,
				24F3CD562343AD2800C71363 /* MapControllerExt.swift in Sources */,
				24EA63B8234355D100DA3917 /* User+CoreDataClass.swift in Sources */,
				24DDA403231A8E8900E57293 /* CustomCell.swift in Sources */,
				244944EA23473764009C65E7 /* HeaderLabel.swift in Sources */,
				24EA63C0234361B300DA3917 /* ImageService.swift in Sources */,
				2465FF4722F43C9900944C34 /* UITableViewDataSourceMethods.swift in Sources */,
				24EA63B9234355D100DA3917 /* User+CoreDataProperties.swift in Sources */,
				24F3CD4C2343AA8800C71363 /* MainTabBarController.swift in Sources */,
				24EA63BE23435FC000DA3917 /* SetRadiusExt.swift in Sources */,
				24F3CD4A2343AA0600C71363 /* SearchBarExt.swift in Sources */,
				24DDA409231A94ED00E57293 /* AutoLayoutAnchorExtension.swift in Sources */,
				24EA63962343492900DA3917 /* JSONDecoder&CodingKeys.swift in Sources */,
				24F3CD4E2343AB2A00C71363 /* MapController.swift in Sources */,
				24EA63932343485500DA3917 /* Constants.swift in Sources */,
			);
			runOnlyForDeploymentPostprocessing = 0;
		};
		24CECB8022F884F300831255 /* Sources */ = {
			isa = PBXSourcesBuildPhase;
			buildActionMask = 2147483647;
			files = (
				24CECB9122F8856B00831255 /* NewTableTests.swift in Sources */,
			);
			runOnlyForDeploymentPostprocessing = 0;
		};
/* End PBXSourcesBuildPhase section */

/* Begin PBXTargetDependency section */
		24CECB8A22F884F300831255 /* PBXTargetDependency */ = {
			isa = PBXTargetDependency;
			target = 2404B4AE22F36525000ABF57 /* NewTable */;
			targetProxy = 24CECB8922F884F300831255 /* PBXContainerItemProxy */;
		};
/* End PBXTargetDependency section */

/* Begin PBXVariantGroup section */
		2404B4BB22F36526000ABF57 /* LaunchScreen.storyboard */ = {
			isa = PBXVariantGroup;
			children = (
				2404B4BC22F36526000ABF57 /* Base */,
			);
			name = LaunchScreen.storyboard;
			sourceTree = "<group>";
		};
/* End PBXVariantGroup section */

/* Begin XCBuildConfiguration section */
		2404B4BF22F36526000ABF57 /* Debug */ = {
			isa = XCBuildConfiguration;
			buildSettings = {
				ALWAYS_SEARCH_USER_PATHS = NO;
				CLANG_ANALYZER_NONNULL = YES;
				CLANG_ANALYZER_NUMBER_OBJECT_CONVERSION = YES_AGGRESSIVE;
				CLANG_CXX_LANGUAGE_STANDARD = "gnu++14";
				CLANG_CXX_LIBRARY = "libc++";
				CLANG_ENABLE_MODULES = YES;
				CLANG_ENABLE_OBJC_ARC = YES;
				CLANG_ENABLE_OBJC_WEAK = YES;
				CLANG_WARN_BLOCK_CAPTURE_AUTORELEASING = YES;
				CLANG_WARN_BOOL_CONVERSION = YES;
				CLANG_WARN_COMMA = YES;
				CLANG_WARN_CONSTANT_CONVERSION = YES;
				CLANG_WARN_DEPRECATED_OBJC_IMPLEMENTATIONS = YES;
				CLANG_WARN_DIRECT_OBJC_ISA_USAGE = YES_ERROR;
				CLANG_WARN_DOCUMENTATION_COMMENTS = YES;
				CLANG_WARN_EMPTY_BODY = YES;
				CLANG_WARN_ENUM_CONVERSION = YES;
				CLANG_WARN_INFINITE_RECURSION = YES;
				CLANG_WARN_INT_CONVERSION = YES;
				CLANG_WARN_NON_LITERAL_NULL_CONVERSION = YES;
				CLANG_WARN_OBJC_IMPLICIT_RETAIN_SELF = YES;
				CLANG_WARN_OBJC_LITERAL_CONVERSION = YES;
				CLANG_WARN_OBJC_ROOT_CLASS = YES_ERROR;
				CLANG_WARN_RANGE_LOOP_ANALYSIS = YES;
				CLANG_WARN_STRICT_PROTOTYPES = YES;
				CLANG_WARN_SUSPICIOUS_MOVE = YES;
				CLANG_WARN_UNGUARDED_AVAILABILITY = YES_AGGRESSIVE;
				CLANG_WARN_UNREACHABLE_CODE = YES;
				CLANG_WARN__DUPLICATE_METHOD_MATCH = YES;
				CODE_SIGN_IDENTITY = "iPhone Developer";
				COPY_PHASE_STRIP = NO;
				DEBUG_INFORMATION_FORMAT = dwarf;
				ENABLE_STRICT_OBJC_MSGSEND = YES;
				ENABLE_TESTABILITY = YES;
				GCC_C_LANGUAGE_STANDARD = gnu11;
				GCC_DYNAMIC_NO_PIC = NO;
				GCC_NO_COMMON_BLOCKS = YES;
				GCC_OPTIMIZATION_LEVEL = 0;
				GCC_PREPROCESSOR_DEFINITIONS = (
					"DEBUG=1",
					"$(inherited)",
				);
				GCC_WARN_64_TO_32_BIT_CONVERSION = YES;
				GCC_WARN_ABOUT_RETURN_TYPE = YES_ERROR;
				GCC_WARN_UNDECLARED_SELECTOR = YES;
				GCC_WARN_UNINITIALIZED_AUTOS = YES_AGGRESSIVE;
				GCC_WARN_UNUSED_FUNCTION = YES;
				GCC_WARN_UNUSED_VARIABLE = YES;
				IPHONEOS_DEPLOYMENT_TARGET = 12.4;
				MTL_ENABLE_DEBUG_INFO = INCLUDE_SOURCE;
				MTL_FAST_MATH = YES;
				ONLY_ACTIVE_ARCH = YES;
				SDKROOT = iphoneos;
				SWIFT_ACTIVE_COMPILATION_CONDITIONS = DEBUG;
				SWIFT_OPTIMIZATION_LEVEL = "-Onone";
			};
			name = Debug;
		};
		2404B4C022F36526000ABF57 /* Release */ = {
			isa = XCBuildConfiguration;
			buildSettings = {
				ALWAYS_SEARCH_USER_PATHS = NO;
				CLANG_ANALYZER_NONNULL = YES;
				CLANG_ANALYZER_NUMBER_OBJECT_CONVERSION = YES_AGGRESSIVE;
				CLANG_CXX_LANGUAGE_STANDARD = "gnu++14";
				CLANG_CXX_LIBRARY = "libc++";
				CLANG_ENABLE_MODULES = YES;
				CLANG_ENABLE_OBJC_ARC = YES;
				CLANG_ENABLE_OBJC_WEAK = YES;
				CLANG_WARN_BLOCK_CAPTURE_AUTORELEASING = YES;
				CLANG_WARN_BOOL_CONVERSION = YES;
				CLANG_WARN_COMMA = YES;
				CLANG_WARN_CONSTANT_CONVERSION = YES;
				CLANG_WARN_DEPRECATED_OBJC_IMPLEMENTATIONS = YES;
				CLANG_WARN_DIRECT_OBJC_ISA_USAGE = YES_ERROR;
				CLANG_WARN_DOCUMENTATION_COMMENTS = YES;
				CLANG_WARN_EMPTY_BODY = YES;
				CLANG_WARN_ENUM_CONVERSION = YES;
				CLANG_WARN_INFINITE_RECURSION = YES;
				CLANG_WARN_INT_CONVERSION = YES;
				CLANG_WARN_NON_LITERAL_NULL_CONVERSION = YES;
				CLANG_WARN_OBJC_IMPLICIT_RETAIN_SELF = YES;
				CLANG_WARN_OBJC_LITERAL_CONVERSION = YES;
				CLANG_WARN_OBJC_ROOT_CLASS = YES_ERROR;
				CLANG_WARN_RANGE_LOOP_ANALYSIS = YES;
				CLANG_WARN_STRICT_PROTOTYPES = YES;
				CLANG_WARN_SUSPICIOUS_MOVE = YES;
				CLANG_WARN_UNGUARDED_AVAILABILITY = YES_AGGRESSIVE;
				CLANG_WARN_UNREACHABLE_CODE = YES;
				CLANG_WARN__DUPLICATE_METHOD_MATCH = YES;
				CODE_SIGN_IDENTITY = "iPhone Developer";
				COPY_PHASE_STRIP = NO;
				DEBUG_INFORMATION_FORMAT = "dwarf-with-dsym";
				ENABLE_NS_ASSERTIONS = NO;
				ENABLE_STRICT_OBJC_MSGSEND = YES;
				GCC_C_LANGUAGE_STANDARD = gnu11;
				GCC_NO_COMMON_BLOCKS = YES;
				GCC_WARN_64_TO_32_BIT_CONVERSION = YES;
				GCC_WARN_ABOUT_RETURN_TYPE = YES_ERROR;
				GCC_WARN_UNDECLARED_SELECTOR = YES;
				GCC_WARN_UNINITIALIZED_AUTOS = YES_AGGRESSIVE;
				GCC_WARN_UNUSED_FUNCTION = YES;
				GCC_WARN_UNUSED_VARIABLE = YES;
				IPHONEOS_DEPLOYMENT_TARGET = 12.4;
				MTL_ENABLE_DEBUG_INFO = NO;
				MTL_FAST_MATH = YES;
				SDKROOT = iphoneos;
				SWIFT_COMPILATION_MODE = wholemodule;
				SWIFT_OPTIMIZATION_LEVEL = "-O";
				VALIDATE_PRODUCT = YES;
			};
			name = Release;
		};
		2404B4C222F36526000ABF57 /* Debug */ = {
			isa = XCBuildConfiguration;
			buildSettings = {
				ASSETCATALOG_COMPILER_APPICON_NAME = AppIcon;
				CODE_SIGN_STYLE = Automatic;
				INFOPLIST_FILE = "$(SRCROOT)/NewTable/Supporting Files/Info.plist";
				LD_RUNPATH_SEARCH_PATHS = (
					"$(inherited)",
					"@executable_path/Frameworks",
				);
				PRODUCT_BUNDLE_IDENTIFIER = com.MafiaCaffe.NewTable;
				PRODUCT_NAME = "$(TARGET_NAME)";
				SWIFT_VERSION = 5.0;
				TARGETED_DEVICE_FAMILY = "1,2";
			};
			name = Debug;
		};
		2404B4C322F36526000ABF57 /* Release */ = {
			isa = XCBuildConfiguration;
			buildSettings = {
				ASSETCATALOG_COMPILER_APPICON_NAME = AppIcon;
				CODE_SIGN_STYLE = Automatic;
				INFOPLIST_FILE = "$(SRCROOT)/NewTable/Supporting Files/Info.plist";
				LD_RUNPATH_SEARCH_PATHS = (
					"$(inherited)",
					"@executable_path/Frameworks",
				);
				PRODUCT_BUNDLE_IDENTIFIER = com.MafiaCaffe.NewTable;
				PRODUCT_NAME = "$(TARGET_NAME)";
				SWIFT_VERSION = 5.0;
				TARGETED_DEVICE_FAMILY = "1,2";
			};
			name = Release;
		};
		24CECB8B22F884F300831255 /* Debug */ = {
			isa = XCBuildConfiguration;
			buildSettings = {
				BUNDLE_LOADER = "$(TEST_HOST)";
				CODE_SIGN_STYLE = Automatic;
				INFOPLIST_FILE = NewTableTests/Info.plist;
				LD_RUNPATH_SEARCH_PATHS = (
					"$(inherited)",
					"@executable_path/Frameworks",
					"@loader_path/Frameworks",
				);
				PRODUCT_BUNDLE_IDENTIFIER = com.MafiaCaffe.NewTableTests;
				PRODUCT_NAME = "$(TARGET_NAME)";
				SWIFT_VERSION = 5.0;
				TARGETED_DEVICE_FAMILY = "1,2";
				TEST_HOST = "$(BUILT_PRODUCTS_DIR)/NewTable.app/NewTable";
			};
			name = Debug;
		};
		24CECB8C22F884F300831255 /* Release */ = {
			isa = XCBuildConfiguration;
			buildSettings = {
				BUNDLE_LOADER = "$(TEST_HOST)";
				CODE_SIGN_STYLE = Automatic;
				INFOPLIST_FILE = NewTableTests/Info.plist;
				LD_RUNPATH_SEARCH_PATHS = (
					"$(inherited)",
					"@executable_path/Frameworks",
					"@loader_path/Frameworks",
				);
				PRODUCT_BUNDLE_IDENTIFIER = com.MafiaCaffe.NewTableTests;
				PRODUCT_NAME = "$(TARGET_NAME)";
				SWIFT_VERSION = 5.0;
				TARGETED_DEVICE_FAMILY = "1,2";
				TEST_HOST = "$(BUILT_PRODUCTS_DIR)/NewTable.app/NewTable";
			};
			name = Release;
		};
/* End XCBuildConfiguration section */

/* Begin XCConfigurationList section */
		2404B4AA22F36525000ABF57 /* Build configuration list for PBXProject "NewTable" */ = {
			isa = XCConfigurationList;
			buildConfigurations = (
				2404B4BF22F36526000ABF57 /* Debug */,
				2404B4C022F36526000ABF57 /* Release */,
			);
			defaultConfigurationIsVisible = 0;
			defaultConfigurationName = Release;
		};
		2404B4C122F36526000ABF57 /* Build configuration list for PBXNativeTarget "NewTable" */ = {
			isa = XCConfigurationList;
			buildConfigurations = (
				2404B4C222F36526000ABF57 /* Debug */,
				2404B4C322F36526000ABF57 /* Release */,
			);
			defaultConfigurationIsVisible = 0;
			defaultConfigurationName = Release;
		};
		24CECB8D22F884F300831255 /* Build configuration list for PBXNativeTarget "NewTableTests" */ = {
			isa = XCConfigurationList;
			buildConfigurations = (
				24CECB8B22F884F300831255 /* Debug */,
				24CECB8C22F884F300831255 /* Release */,
			);
			defaultConfigurationIsVisible = 0;
			defaultConfigurationName = Release;
		};
/* End XCConfigurationList section */

/* Begin XCVersionGroup section */
		24EA63A7234355B600DA3917 /* NewTable.xcdatamodeld */ = {
			isa = XCVersionGroup;
			children = (
				24EA63A8234355B600DA3917 /* CoreDataModel.xcdatamodel */,
			);
			currentVersion = 24EA63A8234355B600DA3917 /* CoreDataModel.xcdatamodel */;
			path = NewTable.xcdatamodeld;
			sourceTree = "<group>";
			versionGroupType = wrapper.xcdatamodel;
		};
/* End XCVersionGroup section */
	};
	rootObject = 2404B4A722F36525000ABF57 /* Project object */;
}
